
Microsoft Visual Studio Solution File, Format Version 10.00
# Visual Studio 2008
Project("{8BC9CEB8-8B4A-11D0-8D11-00A0C91BC942}") = "westley.hennigh_server", "westley.hennigh_server\westley.hennigh_server.vcproj", "{3CBECBA9-CF89-4EE8-B6BA-6069049B39BC}"
EndProject
Global
	GlobalSection(SolutionConfigurationPlatforms) = preSolution
		Debug|Win32 = Debug|Win32
		Release|Win32 = Release|Win32
	EndGlobalSection
	GlobalSection(ProjectConfigurationPlatforms) = postSolution
		{3CBECBA9-CF89-4EE8-B6BA-6069049B39BC}.Debug|Win32.ActiveCfg = Debug|Win32
		{3CBECBA9-CF89-4EE8-B6BA-6069049B39BC}.Debug|Win32.Build.0 = Debug|Win32
		{3CBECBA9-CF89-4EE8-B6BA-6069049B39BC}.Release|Win32.ActiveCfg = Release|Win32
		{3CBECBA9-CF89-4EE8-B6BA-6069049B39BC}.Release|Win32.Build.0 = Release|Win32
	EndGlobalSection
	GlobalSection(SolutionProperties) = preSolution
		HideSolutionNode = FALSE
	EndGlobalSection
EndGlobal
