
Microsoft Visual Studio Solution File, Format Version 10.00
# Visual Studio 2008
Project("{8BC9CEB8-8B4A-11D0-8D11-00A0C91BC942}") = "westley.hennigh_cs260", "westley.hennigh_cs260\westley.hennigh_cs260.vcproj", "{01DFC8A3-B13F-4651-B5C9-3EA059ACA8ED}"
EndProject
Global
	GlobalSection(SolutionConfigurationPlatforms) = preSolution
		Debug|Win32 = Debug|Win32
		Release|Win32 = Release|Win32
	EndGlobalSection
	GlobalSection(ProjectConfigurationPlatforms) = postSolution
		{01DFC8A3-B13F-4651-B5C9-3EA059ACA8ED}.Debug|Win32.ActiveCfg = Debug|Win32
		{01DFC8A3-B13F-4651-B5C9-3EA059ACA8ED}.Debug|Win32.Build.0 = Debug|Win32
		{01DFC8A3-B13F-4651-B5C9-3EA059ACA8ED}.Release|Win32.ActiveCfg = Release|Win32
		{01DFC8A3-B13F-4651-B5C9-3EA059ACA8ED}.Release|Win32.Build.0 = Release|Win32
	EndGlobalSection
	GlobalSection(SolutionProperties) = preSolution
		HideSolutionNode = FALSE
	EndGlobalSection
EndGlobal
